
Microsoft Visual Studio Solution File, Format Version 12.00
# Visual Studio Version 17
VisualStudioVersion = 17.9.34728.123
MinimumVisualStudioVersion = 10.0.40219.1
Project("{9A19103F-16F7-4668-BE54-9A1E7A4F7556}") = "RPMFuel", "RPMFuel\RPMFuel.csproj", "{5C26C405-B438-404E-8E0A-F5D456BB557E}"
EndProject
Project("{FAE04EC0-301F-11D3-BF4B-00C04F79EFBC}") = "RPMFuel.Infrastructure", "RPMFuel.Infrastructure\RPMFuel.Infrastructure.csproj", "{49A9E8B1-B90C-43A4-A6C9-03C961DF898F}"
EndProject
Project("{FAE04EC0-301F-11D3-BF4B-00C04F79EFBC}") = "RPMFuel.Domain", "RPMFuel.Domain\RPMFuel.Domain.csproj", "{6C76CDD7-7648-43D2-850B-4C0274B1D62A}"
EndProject
Global
	GlobalSection(SolutionConfigurationPlatforms) = preSolution
		Debug|Any CPU = Debug|Any CPU
		Release|Any CPU = Release|Any CPU
	EndGlobalSection
	GlobalSection(ProjectConfigurationPlatforms) = postSolution
		{5C26C405-B438-404E-8E0A-F5D456BB557E}.Debug|Any CPU.ActiveCfg = Debug|Any CPU
		{5C26C405-B438-404E-8E0A-F5D456BB557E}.Debug|Any CPU.Build.0 = Debug|Any CPU
		{5C26C405-B438-404E-8E0A-F5D456BB557E}.Release|Any CPU.ActiveCfg = Release|Any CPU
		{5C26C405-B438-404E-8E0A-F5D456BB557E}.Release|Any CPU.Build.0 = Release|Any CPU
		{49A9E8B1-B90C-43A4-A6C9-03C961DF898F}.Debug|Any CPU.ActiveCfg = Debug|Any CPU
		{49A9E8B1-B90C-43A4-A6C9-03C961DF898F}.Debug|Any CPU.Build.0 = Debug|Any CPU
		{49A9E8B1-B90C-43A4-A6C9-03C961DF898F}.Release|Any CPU.ActiveCfg = Release|Any CPU
		{49A9E8B1-B90C-43A4-A6C9-03C961DF898F}.Release|Any CPU.Build.0 = Release|Any CPU
		{6C76CDD7-7648-43D2-850B-4C0274B1D62A}.Debug|Any CPU.ActiveCfg = Debug|Any CPU
		{6C76CDD7-7648-43D2-850B-4C0274B1D62A}.Debug|Any CPU.Build.0 = Debug|Any CPU
		{6C76CDD7-7648-43D2-850B-4C0274B1D62A}.Release|Any CPU.ActiveCfg = Release|Any CPU
		{6C76CDD7-7648-43D2-850B-4C0274B1D62A}.Release|Any CPU.Build.0 = Release|Any CPU
	EndGlobalSection
	GlobalSection(SolutionProperties) = preSolution
		HideSolutionNode = FALSE
	EndGlobalSection
	GlobalSection(ExtensibilityGlobals) = postSolution
		SolutionGuid = {134F4BBC-525C-4351-BE9C-BF2659B6EFCF}
	EndGlobalSection
EndGlobal
